
Microsoft Visual Studio Solution File, Format Version 12.00
# Visual Studio Version 17
VisualStudioVersion = 17.5.001.0
MinimumVisualStudioVersion = 10.0.40219.1
Project("{9A19103F-16F7-4668-BE54-9A1E7A4F7556}") = "readapi", "readapi.csproj", "{C5B4B89E-090C-4EBC-AB65-AC761F768D27}"
EndProject
Global
	GlobalSection(SolutionConfigurationPlatforms) = preSolution
		Debug|Any CPU = Debug|Any CPU
		Release|Any CPU = Release|Any CPU
	EndGlobalSection
	GlobalSection(ProjectConfigurationPlatforms) = postSolution
		{C5B4B89E-090C-4EBC-AB65-AC761F768D27}.Debug|Any CPU.ActiveCfg = Debug|Any CPU
		{C5B4B89E-090C-4EBC-AB65-AC761F768D27}.Debug|Any CPU.Build.0 = Debug|Any CPU
		{C5B4B89E-090C-4EBC-AB65-AC761F768D27}.Release|Any CPU.ActiveCfg = Release|Any CPU
		{C5B4B89E-090C-4EBC-AB65-AC761F768D27}.Release|Any CPU.Build.0 = Release|Any CPU
	EndGlobalSection
	GlobalSection(SolutionProperties) = preSolution
		HideSolutionNode = FALSE
	EndGlobalSection
	GlobalSection(ExtensibilityGlobals) = postSolution
		SolutionGuid = {D046D5CC-4C36-4D19-8D83-505B81403BFC}
	EndGlobalSection
EndGlobal
